
Microsoft Visual Studio Solution File, Format Version 12.00
# Visual Studio Version 17
VisualStudioVersion = 17.14.36616.10 d17.14
MinimumVisualStudioVersion = 10.0.40219.1
Project("{FAE04EC0-301F-11D3-BF4B-00C04F79EFBC}") = "Sea", "Sea\Sea.csproj", "{72154551-FF57-4C94-80C2-B1F23B5456A5}"
EndProject
Global
	GlobalSection(SolutionConfigurationPlatforms) = preSolution
		Debug|Any CPU = Debug|Any CPU
		Release|Any CPU = Release|Any CPU
	EndGlobalSection
	GlobalSection(ProjectConfigurationPlatforms) = postSolution
		{72154551-FF57-4C94-80C2-B1F23B5456A5}.Debug|Any CPU.ActiveCfg = Debug|Any CPU
		{72154551-FF57-4C94-80C2-B1F23B5456A5}.Debug|Any CPU.Build.0 = Debug|Any CPU
		{72154551-FF57-4C94-80C2-B1F23B5456A5}.Release|Any CPU.ActiveCfg = Release|Any CPU
		{72154551-FF57-4C94-80C2-B1F23B5456A5}.Release|Any CPU.Build.0 = Release|Any CPU
	EndGlobalSection
	GlobalSection(SolutionProperties) = preSolution
		HideSolutionNode = FALSE
	EndGlobalSection
	GlobalSection(ExtensibilityGlobals) = postSolution
		SolutionGuid = {1C50AB4F-335E-40E0-B381-D5FC4A1B5263}
	EndGlobalSection
EndGlobal
